// !$*UTF8*$!
{
	archiveVersion = 1;
	classes = {
	};
	objectVersion = 46;
	objects = {

/* Begin PBXBuildFile section */
		3D4CDC4F1D0520FC0026C9E8 /* main.m in Sources */ = {isa = PBXBuildFile; fileRef = 3D4CDC4E1D0520FC0026C9E8 /* main.m */; };
		3D4CDC521D0520FC0026C9E8 /* AppDelegate.m in Sources */ = {isa = PBXBuildFile; fileRef = 3D4CDC511D0520FC0026C9E8 /* AppDelegate.m */; };
		3D4CDC5A1D0520FC0026C9E8 /* Assets.xcassets in Resources */ = {isa = PBXBuildFile; fileRef = 3D4CDC591D0520FC0026C9E8 /* Assets.xcassets */; };
		3D4CDC5D1D0520FC0026C9E8 /* LaunchScreen.storyboard in Resources */ = {isa = PBXBuildFile; fileRef = 3D4CDC5B1D0520FC0026C9E8 /* LaunchScreen.storyboard */; };
		3D4CDC6C1D0522210026C9E8 /* Main.storyboard in Resources */ = {isa = PBXBuildFile; fileRef = 3D4CDC691D0522210026C9E8 /* Main.storyboard */; };
		3D4CDC6D1D0522210026C9E8 /* ViewController.m in Sources */ = {isa = PBXBuildFile; fileRef = 3D4CDC6B1D0522210026C9E8 /* ViewController.m */; };
/* End PBXBuildFile section */

/* Begin PBXFileReference section */
		3D4CDC4A1D0520FC0026C9E8 /* DongDong.app */ = {isa = PBXFileReference; explicitFileType = wrapper.application; includeInIndex = 0; path = DongDong.app; sourceTree = BUILT_PRODUCTS_DIR; };
		3D4CDC4E1D0520FC0026C9E8 /* main.m */ = {isa = PBXFileReference; lastKnownFileType = sourcecode.c.objc; path = main.m; sourceTree = "<group>"; };
		3D4CDC501D0520FC0026C9E8 /* AppDelegate.h */ = {isa = PBXFileReference; lastKnownFileType = sourcecode.c.h; path = AppDelegate.h; sourceTree = "<group>"; };
		3D4CDC511D0520FC0026C9E8 /* AppDelegate.m */ = {isa = PBXFileReference; lastKnownFileType = sourcecode.c.objc; path = AppDelegate.m; sourceTree = "<group>"; };
		3D4CDC591D0520FC0026C9E8 /* Assets.xcassets */ = {isa = PBXFileReference; lastKnownFileType = folder.assetcatalog; path = Assets.xcassets; sourceTree = "<group>"; };
		3D4CDC5C1D0520FC0026C9E8 /* Base */ = {isa = PBXFileReference; lastKnownFileType = file.storyboard; name = Base; path = Base.lproj/LaunchScreen.storyboard; sourceTree = "<group>"; };
		3D4CDC5E1D0520FC0026C9E8 /* Info.plist */ = {isa = PBXFileReference; lastKnownFileType = text.plist.xml; path = Info.plist; sourceTree = "<group>"; };
		3D4CDC691D0522210026C9E8 /* Main.storyboard */ = {isa = PBXFileReference; fileEncoding = 4; lastKnownFileType = file.storyboard; path = Main.storyboard; sourceTree = "<group>"; };
		3D4CDC6A1D0522210026C9E8 /* ViewController.h */ = {isa = PBXFileReference; fileEncoding = 4; lastKnownFileType = sourcecode.c.h; path = ViewController.h; sourceTree = "<group>"; };
		3D4CDC6B1D0522210026C9E8 /* ViewController.m */ = {isa = PBXFileReference; fileEncoding = 4; lastKnownFileType = sourcecode.c.objc; path = ViewController.m; sourceTree = "<group>"; };
/* End PBXFileReference section */

/* Begin PBXFrameworksBuildPhase section */
		3D4CDC471D0520FC0026C9E8 /* Frameworks */ = {
			isa = PBXFrameworksBuildPhase;
			buildActionMask = 2147483647;
			files = (
			);
			runOnlyForDeploymentPostprocessing = 0;
		};
/* End PBXFrameworksBuildPhase section */

/* Begin PBXGroup section */
		3D4CDC411D0520FC0026C9E8 = {
			isa = PBXGroup;
			children = (
				3D4CDC4C1D0520FC0026C9E8 /* DongDong */,
				3D4CDC4B1D0520FC0026C9E8 /* Products */,
			);
			sourceTree = "<group>";
		};
		3D4CDC4B1D0520FC0026C9E8 /* Products */ = {
			isa = PBXGroup;
			children = (
				3D4CDC4A1D0520FC0026C9E8 /* DongDong.app */,
			);
			name = Products;
			sourceTree = "<group>";
		};
		3D4CDC4C1D0520FC0026C9E8 /* DongDong */ = {
			isa = PBXGroup;
			children = (
				3D4CDC671D0521840026C9E8 /* Request */,
				3D4CDC661D0521840026C9E8 /* Models */,
				3D4CDC651D0521840026C9E8 /* Features */,
				3D4CDC641D0521840026C9E8 /* Commons */,
				3D4CDC501D0520FC0026C9E8 /* AppDelegate.h */,
				3D4CDC511D0520FC0026C9E8 /* AppDelegate.m */,
				3D4CDC591D0520FC0026C9E8 /* Assets.xcassets */,
				3D4CDC5B1D0520FC0026C9E8 /* LaunchScreen.storyboard */,
				3D4CDC5E1D0520FC0026C9E8 /* Info.plist */,
				3D4CDC4D1D0520FC0026C9E8 /* Supporting Files */,
			);
			path = DongDong;
			sourceTree = "<group>";
		};
		3D4CDC4D1D0520FC0026C9E8 /* Supporting Files */ = {
			isa = PBXGroup;
			children = (
				3D4CDC4E1D0520FC0026C9E8 /* main.m */,
			);
			name = "Supporting Files";
			sourceTree = "<group>";
		};
		3D4CDC641D0521840026C9E8 /* Commons */ = {
			isa = PBXGroup;
			children = (
			);
			path = Commons;
			sourceTree = "<group>";
		};
		3D4CDC651D0521840026C9E8 /* Features */ = {
			isa = PBXGroup;
			children = (
				3D4CDC681D0521E50026C9E8 /* Main */,
			);
			path = Features;
			sourceTree = "<group>";
		};
		3D4CDC661D0521840026C9E8 /* Models */ = {
			isa = PBXGroup;
			children = (
			);
			path = Models;
			sourceTree = "<group>";
		};
		3D4CDC671D0521840026C9E8 /* Request */ = {
			isa = PBXGroup;
			children = (
			);
			path = Request;
			sourceTree = "<group>";
		};
		3D4CDC681D0521E50026C9E8 /* Main */ = {
			isa = PBXGroup;
			children = (
				3D4CDC691D0522210026C9E8 /* Main.storyboard */,
				3D4CDC6A1D0522210026C9E8 /* ViewController.h */,
				3D4CDC6B1D0522210026C9E8 /* ViewController.m */,
			);
			path = Main;
			sourceTree = "<group>";
		};
/* End PBXGroup section */

/* Begin PBXNativeTarget section */
		3D4CDC491D0520FC0026C9E8 /* DongDong */ = {
			isa = PBXNativeTarget;
			buildConfigurationList = 3D4CDC611D0520FC0026C9E8 /* Build configuration list for PBXNativeTarget "DongDong" */;
			buildPhases = (
				3D4CDC461D0520FC0026C9E8 /* Sources */,
				3D4CDC471D0520FC0026C9E8 /* Frameworks */,
				3D4CDC481D0520FC0026C9E8 /* Resources */,
			);
			buildRules = (
			);
			dependencies = (
			);
			name = DongDong;
			productName = DongDong;
			productReference = 3D4CDC4A1D0520FC0026C9E8 /* DongDong.app */;
			productType = "com.apple.product-type.application";
		};
/* End PBXNativeTarget section */

/* Begin PBXProject section */
		3D4CDC421D0520FC0026C9E8 /* Project object */ = {
			isa = PBXProject;
			attributes = {
				LastUpgradeCheck = 0730;
				ORGANIZATIONNAME = "项小盆友";
				TargetAttributes = {
					3D4CDC491D0520FC0026C9E8 = {
						CreatedOnToolsVersion = 7.3;
					};
				};
			};
			buildConfigurationList = 3D4CDC451D0520FC0026C9E8 /* Build configuration list for PBXProject "DongDong" */;
			compatibilityVersion = "Xcode 3.2";
			developmentRegion = English;
			hasScannedForEncodings = 0;
			knownRegions = (
				en,
				Base,
			);
			mainGroup = 3D4CDC411D0520FC0026C9E8;
			productRefGroup = 3D4CDC4B1D0520FC0026C9E8 /* Products */;
			projectDirPath = "";
			projectRoot = "";
			targets = (
				3D4CDC491D0520FC0026C9E8 /* DongDong */,
			);
		};
/* End PBXProject section */

/* Begin PBXResourcesBuildPhase section */
		3D4CDC481D0520FC0026C9E8 /* Resources */ = {
			isa = PBXResourcesBuildPhase;
			buildActionMask = 2147483647;
			files = (
				3D4CDC6C1D0522210026C9E8 /* Main.storyboard in Resources */,
				3D4CDC5D1D0520FC0026C9E8 /* LaunchScreen.storyboard in Resources */,
				3D4CDC5A1D0520FC0026C9E8 /* Assets.xcassets in Resources */,
			);
			runOnlyForDeploymentPostprocessing = 0;
		};
/* End PBXResourcesBuildPhase section */

/* Begin PBXSourcesBuildPhase section */
		3D4CDC461D0520FC0026C9E8 /* Sources */ = {
			isa = PBXSourcesBuildPhase;
			buildActionMask = 2147483647;
			files = (
				3D4CDC6D1D0522210026C9E8 /* ViewController.m in Sources */,
				3D4CDC521D0520FC0026C9E8 /* AppDelegate.m in Sources */,
				3D4CDC4F1D0520FC0026C9E8 /* main.m in Sources */,
			);
			runOnlyForDeploymentPostprocessing = 0;
		};
/* End PBXSourcesBuildPhase section */

/* Begin PBXVariantGroup section */
		3D4CDC5B1D0520FC0026C9E8 /* LaunchScreen.storyboard */ = {
			isa = PBXVariantGroup;
			children = (
				3D4CDC5C1D0520FC0026C9E8 /* Base */,
			);
			name = LaunchScreen.storyboard;
			sourceTree = "<group>";
		};
/* End PBXVariantGroup section */

/* Begin XCBuildConfiguration section */
		3D4CDC5F1D0520FC0026C9E8 /* Debug */ = {
			isa = XCBuildConfiguration;
			buildSettings = {
				ALWAYS_SEARCH_USER_PATHS = NO;
				CLANG_ANALYZER_NONNULL = YES;
				CLANG_CXX_LANGUAGE_STANDARD = "gnu++0x";
				CLANG_CXX_LIBRARY = "libc++";
				CLANG_ENABLE_MODULES = YES;
				CLANG_ENABLE_OBJC_ARC = YES;
				CLANG_WARN_BOOL_CONVERSION = YES;
				CLANG_WARN_CONSTANT_CONVERSION = YES;
				CLANG_WARN_DIRECT_OBJC_ISA_USAGE = YES_ERROR;
				CLANG_WARN_EMPTY_BODY = YES;
				CLANG_WARN_ENUM_CONVERSION = YES;
				CLANG_WARN_INT_CONVERSION = YES;
				CLANG_WARN_OBJC_ROOT_CLASS = YES_ERROR;
				CLANG_WARN_UNREACHABLE_CODE = YES;
				CLANG_WARN__DUPLICATE_METHOD_MATCH = YES;
				"CODE_SIGN_IDENTITY[sdk=iphoneos*]" = "iPhone Developer";
				COPY_PHASE_STRIP = NO;
				DEBUG_INFORMATION_FORMAT = dwarf;
				ENABLE_STRICT_OBJC_MSGSEND = YES;
				ENABLE_TESTABILITY = YES;
				GCC_C_LANGUAGE_STANDARD = gnu99;
				GCC_DYNAMIC_NO_PIC = NO;
				GCC_NO_COMMON_BLOCKS = YES;
				GCC_OPTIMIZATION_LEVEL = 0;
				GCC_PREPROCESSOR_DEFINITIONS = (
					"DEBUG=1",
					"$(inherited)",
				);
				GCC_WARN_64_TO_32_BIT_CONVERSION = YES;
				GCC_WARN_ABOUT_RETURN_TYPE = YES_ERROR;
				GCC_WARN_UNDECLARED_SELECTOR = YES;
				GCC_WARN_UNINITIALIZED_AUTOS = YES_AGGRESSIVE;
				GCC_WARN_UNUSED_FUNCTION = YES;
				GCC_WARN_UNUSED_VARIABLE = YES;
				IPHONEOS_DEPLOYMENT_TARGET = 9.3;
				MTL_ENABLE_DEBUG_INFO = YES;
				ONLY_ACTIVE_ARCH = YES;
				SDKROOT = iphoneos;
				TARGETED_DEVICE_FAMILY = "1,2";
			};
			name = Debug;
		};
		3D4CDC601D0520FC0026C9E8 /* Release */ = {
			isa = XCBuildConfiguration;
			buildSettings = {
				ALWAYS_SEARCH_USER_PATHS = NO;
				CLANG_ANALYZER_NONNULL = YES;
				CLANG_CXX_LANGUAGE_STANDARD = "gnu++0x";
				CLANG_CXX_LIBRARY = "libc++";
				CLANG_ENABLE_MODULES = YES;
				CLANG_ENABLE_OBJC_ARC = YES;
				CLANG_WARN_BOOL_CONVERSION = YES;
				CLANG_WARN_CONSTANT_CONVERSION = YES;
				CLANG_WARN_DIRECT_OBJC_ISA_USAGE = YES_ERROR;
				CLANG_WARN_EMPTY_BODY = YES;
				CLANG_WARN_ENUM_CONVERSION = YES;
				CLANG_WARN_INT_CONVERSION = YES;
				CLANG_WARN_OBJC_ROOT_CLASS = YES_ERROR;
				CLANG_WARN_UNREACHABLE_CODE = YES;
				CLANG_WARN__DUPLICATE_METHOD_MATCH = YES;
				"CODE_SIGN_IDENTITY[sdk=iphoneos*]" = "iPhone Developer";
				COPY_PHASE_STRIP = NO;
				DEBUG_INFORMATION_FORMAT = "dwarf-with-dsym";
				ENABLE_NS_ASSERTIONS = NO;
				ENABLE_STRICT_OBJC_MSGSEND = YES;
				GCC_C_LANGUAGE_STANDARD = gnu99;
				GCC_NO_COMMON_BLOCKS = YES;
				GCC_WARN_64_TO_32_BIT_CONVERSION = YES;
				GCC_WARN_ABOUT_RETURN_TYPE = YES_ERROR;
				GCC_WARN_UNDECLARED_SELECTOR = YES;
				GCC_WARN_UNINITIALIZED_AUTOS = YES_AGGRESSIVE;
				GCC_WARN_UNUSED_FUNCTION = YES;
				GCC_WARN_UNUSED_VARIABLE = YES;
				IPHONEOS_DEPLOYMENT_TARGET = 9.3;
				MTL_ENABLE_DEBUG_INFO = NO;
				SDKROOT = iphoneos;
				TARGETED_DEVICE_FAMILY = "1,2";
				VALIDATE_PRODUCT = YES;
			};
			name = Release;
		};
		3D4CDC621D0520FC0026C9E8 /* Debug */ = {
			isa = XCBuildConfiguration;
			buildSettings = {
				ASSETCATALOG_COMPILER_APPICON_NAME = AppIcon;
				INFOPLIST_FILE = DongDong/Info.plist;
				IPHONEOS_DEPLOYMENT_TARGET = 8.0;
				LD_RUNPATH_SEARCH_PATHS = "$(inherited) @executable_path/Frameworks";
				PRODUCT_BUNDLE_IDENTIFIER = xiang.DongDong;
				PRODUCT_NAME = "$(TARGET_NAME)";
			};
			name = Debug;
		};
		3D4CDC631D0520FC0026C9E8 /* Release */ = {
			isa = XCBuildConfiguration;
			buildSettings = {
				ASSETCATALOG_COMPILER_APPICON_NAME = AppIcon;
				INFOPLIST_FILE = DongDong/Info.plist;
				IPHONEOS_DEPLOYMENT_TARGET = 8.0;
				LD_RUNPATH_SEARCH_PATHS = "$(inherited) @executable_path/Frameworks";
				PRODUCT_BUNDLE_IDENTIFIER = xiang.DongDong;
				PRODUCT_NAME = "$(TARGET_NAME)";
			};
			name = Release;
		};
/* End XCBuildConfiguration section */

/* Begin XCConfigurationList section */
		3D4CDC451D0520FC0026C9E8 /* Build configuration list for PBXProject "DongDong" */ = {
			isa = XCConfigurationList;
			buildConfigurations = (
				3D4CDC5F1D0520FC0026C9E8 /* Debug */,
				3D4CDC601D0520FC0026C9E8 /* Release */,
			);
			defaultConfigurationIsVisible = 0;
			defaultConfigurationName = Release;
		};
		3D4CDC611D0520FC0026C9E8 /* Build configuration list for PBXNativeTarget "DongDong" */ = {
			isa = XCConfigurationList;
			buildConfigurations = (
				3D4CDC621D0520FC0026C9E8 /* Debug */,
				3D4CDC631D0520FC0026C9E8 /* Release */,
			);
			defaultConfigurationIsVisible = 0;
		};
/* End XCConfigurationList section */
	};
	rootObject = 3D4CDC421D0520FC0026C9E8 /* Project object */;
}
