// !$*UTF8*$!
{
	archiveVersion = 1;
	classes = {
	};
	objectVersion = 46;
	objects = {

/* Begin PBXBuildFile section */
		3D277FE21D052A9C003A62FB /* MainTabBarController.m in Sources */ = {isa = PBXBuildFile; fileRef = 3D277FE11D052A9C003A62FB /* MainTabBarController.m */; };
		3D277FE71D052B3D003A62FB /* RequestManager.m in Sources */ = {isa = PBXBuildFile; fileRef = 3D277FE61D052B3D003A62FB /* RequestManager.m */; };
		3D277FEA1D053FDB003A62FB /* RequestCacher.m in Sources */ = {isa = PBXBuildFile; fileRef = 3D277FE91D053FDB003A62FB /* RequestCacher.m */; };
		3D277FED1D0542C2003A62FB /* BaseRequest.m in Sources */ = {isa = PBXBuildFile; fileRef = 3D277FEC1D0542C2003A62FB /* BaseRequest.m */; };
		3D277FF01D0548C3003A62FB /* BaseModel.m in Sources */ = {isa = PBXBuildFile; fileRef = 3D277FEF1D0548C3003A62FB /* BaseModel.m */; };
		3D277FF71D054D2E003A62FB /* XLBlockAlertView.m in Sources */ = {isa = PBXBuildFile; fileRef = 3D277FF41D054D2E003A62FB /* XLBlockAlertView.m */; };
		3D277FF81D054D2E003A62FB /* XLBlockActionSheet.m in Sources */ = {isa = PBXBuildFile; fileRef = 3D277FF61D054D2E003A62FB /* XLBlockActionSheet.m */; };
		3D277FFD1D054D45003A62FB /* UIImage+ImageEffects.m in Sources */ = {isa = PBXBuildFile; fileRef = 3D277FFA1D054D45003A62FB /* UIImage+ImageEffects.m */; };
		3D277FFE1D054D45003A62FB /* UIImage+ResizeMagick.m in Sources */ = {isa = PBXBuildFile; fileRef = 3D277FFB1D054D45003A62FB /* UIImage+ResizeMagick.m */; };
		3D2780031D054FD9003A62FB /* BlockButton.m in Sources */ = {isa = PBXBuildFile; fileRef = 3D2780021D054FD9003A62FB /* BlockButton.m */; };
		3D27800F1D05704D003A62FB /* CommonsDefines.m in Sources */ = {isa = PBXBuildFile; fileRef = 3D27800E1D05704D003A62FB /* CommonsDefines.m */; };
		3D2780121D05746C003A62FB /* Util.m in Sources */ = {isa = PBXBuildFile; fileRef = 3D2780111D05746C003A62FB /* Util.m */; };
		3D2780141D06AB31003A62FB /* Homepage.storyboard in Resources */ = {isa = PBXBuildFile; fileRef = 3D2780131D06AB31003A62FB /* Homepage.storyboard */; };
		3D2780161D06AB66003A62FB /* ShoppingCart.storyboard in Resources */ = {isa = PBXBuildFile; fileRef = 3D2780151D06AB66003A62FB /* ShoppingCart.storyboard */; };
		3D2780181D06AB75003A62FB /* PersonalCenter.storyboard in Resources */ = {isa = PBXBuildFile; fileRef = 3D2780171D06AB75003A62FB /* PersonalCenter.storyboard */; };
		3D27801A1D06AB83003A62FB /* Message.storyboard in Resources */ = {isa = PBXBuildFile; fileRef = 3D2780191D06AB83003A62FB /* Message.storyboard */; };
		3D27801D1D06AC74003A62FB /* LoginAndRegister.storyboard in Resources */ = {isa = PBXBuildFile; fileRef = 3D27801C1D06AC74003A62FB /* LoginAndRegister.storyboard */; };
		3D3656191D1CD3CD00273DF3 /* ShoppingCartCell.m in Sources */ = {isa = PBXBuildFile; fileRef = 3D3656181D1CD3CD00273DF3 /* ShoppingCartCell.m */; };
		3D36561D1D1CE07B00273DF3 /* CartGoodsModel.m in Sources */ = {isa = PBXBuildFile; fileRef = 3D36561C1D1CE07B00273DF3 /* CartGoodsModel.m */; };
		3D4CDC4F1D0520FC0026C9E8 /* main.m in Sources */ = {isa = PBXBuildFile; fileRef = 3D4CDC4E1D0520FC0026C9E8 /* main.m */; };
		3D4CDC521D0520FC0026C9E8 /* AppDelegate.m in Sources */ = {isa = PBXBuildFile; fileRef = 3D4CDC511D0520FC0026C9E8 /* AppDelegate.m */; };
		3D4CDC5A1D0520FC0026C9E8 /* Assets.xcassets in Resources */ = {isa = PBXBuildFile; fileRef = 3D4CDC591D0520FC0026C9E8 /* Assets.xcassets */; };
		3D4CDC5D1D0520FC0026C9E8 /* LaunchScreen.storyboard in Resources */ = {isa = PBXBuildFile; fileRef = 3D4CDC5B1D0520FC0026C9E8 /* LaunchScreen.storyboard */; };
		3D4CDC6C1D0522210026C9E8 /* Main.storyboard in Resources */ = {isa = PBXBuildFile; fileRef = 3D4CDC691D0522210026C9E8 /* Main.storyboard */; };
		3DAE933D1D3616B500D27E22 /* OrderModel.m in Sources */ = {isa = PBXBuildFile; fileRef = 3DAE933C1D3616B500D27E22 /* OrderModel.m */; };
		3DAE93401D36198000D27E22 /* MyOrdersViewController.m in Sources */ = {isa = PBXBuildFile; fileRef = 3DAE933F1D36198000D27E22 /* MyOrdersViewController.m */; };
		3DAE93461D36301000D27E22 /* PersonalCenterNavigationController.m in Sources */ = {isa = PBXBuildFile; fileRef = 3DAE93451D36301000D27E22 /* PersonalCenterNavigationController.m */; };
		3DAE934D1D36388800D27E22 /* OrderGoodsModel.m in Sources */ = {isa = PBXBuildFile; fileRef = 3DAE934C1D36388800D27E22 /* OrderGoodsModel.m */; };
		3DAE93531D37604D00D27E22 /* OrderGoodsView.m in Sources */ = {isa = PBXBuildFile; fileRef = 3DAE93521D37604D00D27E22 /* OrderGoodsView.m */; };
		3DAE93551D3760E900D27E22 /* OrderGoodsView.xib in Resources */ = {isa = PBXBuildFile; fileRef = 3DAE93541D3760E900D27E22 /* OrderGoodsView.xib */; };
		3DAE93581D376A6100D27E22 /* MyOrderCell.m in Sources */ = {isa = PBXBuildFile; fileRef = 3DAE93571D376A6100D27E22 /* MyOrderCell.m */; };
		3DB466651D2B956D00D26D2A /* DeliveryAddressTableViewController.m in Sources */ = {isa = PBXBuildFile; fileRef = 3DB466641D2B956D00D26D2A /* DeliveryAddressTableViewController.m */; };
		3DB466691D2B9C4C00D26D2A /* DeliveryAddressCell.m in Sources */ = {isa = PBXBuildFile; fileRef = 3DB466681D2B9C4C00D26D2A /* DeliveryAddressCell.m */; };
		3DB466731D2F85B900D26D2A /* AddressModel.m in Sources */ = {isa = PBXBuildFile; fileRef = 3DB466721D2F85B900D26D2A /* AddressModel.m */; };
		3DB466761D2F97F800D26D2A /* AddAddressCommonCell.m in Sources */ = {isa = PBXBuildFile; fileRef = 3DB466751D2F97F800D26D2A /* AddAddressCommonCell.m */; };
		3DB466791D2F9B2F00D26D2A /* WriteDetailAddressCell.m in Sources */ = {isa = PBXBuildFile; fileRef = 3DB466781D2F9B2F00D26D2A /* WriteDetailAddressCell.m */; };
		3DB4667C1D2F9B4800D26D2A /* SetDefaultAddressCell.m in Sources */ = {isa = PBXBuildFile; fileRef = 3DB4667B1D2F9B4800D26D2A /* SetDefaultAddressCell.m */; };
		3DB4667F1D2F9EF100D26D2A /* AddAddressViewController.m in Sources */ = {isa = PBXBuildFile; fileRef = 3DB4667E1D2F9EF100D26D2A /* AddAddressViewController.m */; };
		3DB466821D33903F00D26D2A /* area.plist in Resources */ = {isa = PBXBuildFile; fileRef = 3DB466811D33903F00D26D2A /* area.plist */; };
		3DB466841D33989700D26D2A /* AreaPicker.xib in Resources */ = {isa = PBXBuildFile; fileRef = 3DB466831D33989600D26D2A /* AreaPicker.xib */; };
		3DB466871D3398BD00D26D2A /* AreaPickerView.m in Sources */ = {isa = PBXBuildFile; fileRef = 3DB466861D3398BD00D26D2A /* AreaPickerView.m */; };
		3DB4668A1D339B5400D26D2A /* AreaObject.m in Sources */ = {isa = PBXBuildFile; fileRef = 3DB466891D339B5400D26D2A /* AreaObject.m */; };
		3DD1F3681D210C5F006246B9 /* PersonalCenterViewController.m in Sources */ = {isa = PBXBuildFile; fileRef = 3DD1F3671D210C5F006246B9 /* PersonalCenterViewController.m */; };
		3DD1F36B1D2366A4006246B9 /* InformationEditTableViewController.m in Sources */ = {isa = PBXBuildFile; fileRef = 3DD1F36A1D2366A4006246B9 /* InformationEditTableViewController.m */; };
		3DD1F36E1D239CB3006246B9 /* MessageTableViewController.m in Sources */ = {isa = PBXBuildFile; fileRef = 3DD1F36D1D239CB3006246B9 /* MessageTableViewController.m */; };
		3DD1F3721D2A13B7006246B9 /* MessageCell.m in Sources */ = {isa = PBXBuildFile; fileRef = 3DD1F3711D2A13B7006246B9 /* MessageCell.m */; };
		3DD1F3761D2A2925006246B9 /* MessageModel.m in Sources */ = {isa = PBXBuildFile; fileRef = 3DD1F3751D2A2925006246B9 /* MessageModel.m */; };
		3DDDF25C1D10E52F00DA106A /* HomepageViewController.m in Sources */ = {isa = PBXBuildFile; fileRef = 3DDDF25B1D10E52F00DA106A /* HomepageViewController.m */; };
		3DDDF2931D138B8D00DA106A /* ShoppingCartViewController.m in Sources */ = {isa = PBXBuildFile; fileRef = 3DDDF2921D138B8D00DA106A /* ShoppingCartViewController.m */; };
		3DDDF2991D17DFBE00DA106A /* GoodsListCell.m in Sources */ = {isa = PBXBuildFile; fileRef = 3DDDF2981D17DFBE00DA106A /* GoodsListCell.m */; };
		3DDDF29D1D18CE9D00DA106A /* GoodsModel.m in Sources */ = {isa = PBXBuildFile; fileRef = 3DDDF29C1D18CE9D00DA106A /* GoodsModel.m */; };
		AF88CA7BDA2BC38410B0AEF4 /* libPods-DongDong.a in Frameworks */ = {isa = PBXBuildFile; fileRef = 417245425D8C68BCC36915E2 /* libPods-DongDong.a */; };
/* End PBXBuildFile section */

/* Begin PBXFileReference section */
		3D277FE01D052A9C003A62FB /* MainTabBarController.h */ = {isa = PBXFileReference; fileEncoding = 4; lastKnownFileType = sourcecode.c.h; path = MainTabBarController.h; sourceTree = "<group>"; };
		3D277FE11D052A9C003A62FB /* MainTabBarController.m */ = {isa = PBXFileReference; fileEncoding = 4; lastKnownFileType = sourcecode.c.objc; path = MainTabBarController.m; sourceTree = "<group>"; };
		3D277FE51D052B3D003A62FB /* RequestManager.h */ = {isa = PBXFileReference; fileEncoding = 4; lastKnownFileType = sourcecode.c.h; path = RequestManager.h; sourceTree = "<group>"; };
		3D277FE61D052B3D003A62FB /* RequestManager.m */ = {isa = PBXFileReference; fileEncoding = 4; lastKnownFileType = sourcecode.c.objc; path = RequestManager.m; sourceTree = "<group>"; };
		3D277FE81D053FDB003A62FB /* RequestCacher.h */ = {isa = PBXFileReference; fileEncoding = 4; lastKnownFileType = sourcecode.c.h; path = RequestCacher.h; sourceTree = "<group>"; };
		3D277FE91D053FDB003A62FB /* RequestCacher.m */ = {isa = PBXFileReference; fileEncoding = 4; lastKnownFileType = sourcecode.c.objc; path = RequestCacher.m; sourceTree = "<group>"; };
		3D277FEB1D0542C2003A62FB /* BaseRequest.h */ = {isa = PBXFileReference; fileEncoding = 4; lastKnownFileType = sourcecode.c.h; path = BaseRequest.h; sourceTree = "<group>"; };
		3D277FEC1D0542C2003A62FB /* BaseRequest.m */ = {isa = PBXFileReference; fileEncoding = 4; lastKnownFileType = sourcecode.c.objc; path = BaseRequest.m; sourceTree = "<group>"; };
		3D277FEE1D0548C3003A62FB /* BaseModel.h */ = {isa = PBXFileReference; fileEncoding = 4; lastKnownFileType = sourcecode.c.h; path = BaseModel.h; sourceTree = "<group>"; };
		3D277FEF1D0548C3003A62FB /* BaseModel.m */ = {isa = PBXFileReference; fileEncoding = 4; lastKnownFileType = sourcecode.c.objc; path = BaseModel.m; sourceTree = "<group>"; };
		3D277FF31D054D2E003A62FB /* XLBlockAlertView.h */ = {isa = PBXFileReference; fileEncoding = 4; lastKnownFileType = sourcecode.c.h; path = XLBlockAlertView.h; sourceTree = "<group>"; };
		3D277FF41D054D2E003A62FB /* XLBlockAlertView.m */ = {isa = PBXFileReference; fileEncoding = 4; lastKnownFileType = sourcecode.c.objc; path = XLBlockAlertView.m; sourceTree = "<group>"; };
		3D277FF51D054D2E003A62FB /* XLBlockActionSheet.h */ = {isa = PBXFileReference; fileEncoding = 4; lastKnownFileType = sourcecode.c.h; path = XLBlockActionSheet.h; sourceTree = "<group>"; };
		3D277FF61D054D2E003A62FB /* XLBlockActionSheet.m */ = {isa = PBXFileReference; fileEncoding = 4; lastKnownFileType = sourcecode.c.objc; path = XLBlockActionSheet.m; sourceTree = "<group>"; };
		3D277FF91D054D45003A62FB /* UIImage+ImageEffects.h */ = {isa = PBXFileReference; fileEncoding = 4; lastKnownFileType = sourcecode.c.h; path = "UIImage+ImageEffects.h"; sourceTree = "<group>"; };
		3D277FFA1D054D45003A62FB /* UIImage+ImageEffects.m */ = {isa = PBXFileReference; fileEncoding = 4; lastKnownFileType = sourcecode.c.objc; path = "UIImage+ImageEffects.m"; sourceTree = "<group>"; };
		3D277FFB1D054D45003A62FB /* UIImage+ResizeMagick.m */ = {isa = PBXFileReference; fileEncoding = 4; lastKnownFileType = sourcecode.c.objc; path = "UIImage+ResizeMagick.m"; sourceTree = "<group>"; };
		3D277FFC1D054D45003A62FB /* UIImage+ResizeMagick.h */ = {isa = PBXFileReference; fileEncoding = 4; lastKnownFileType = sourcecode.c.h; path = "UIImage+ResizeMagick.h"; sourceTree = "<group>"; };
		3D2780011D054FD9003A62FB /* BlockButton.h */ = {isa = PBXFileReference; fileEncoding = 4; lastKnownFileType = sourcecode.c.h; path = BlockButton.h; sourceTree = "<group>"; };
		3D2780021D054FD9003A62FB /* BlockButton.m */ = {isa = PBXFileReference; fileEncoding = 4; lastKnownFileType = sourcecode.c.objc; path = BlockButton.m; sourceTree = "<group>"; };
		3D27800D1D05704D003A62FB /* CommonsDefines.h */ = {isa = PBXFileReference; fileEncoding = 4; lastKnownFileType = sourcecode.c.h; path = CommonsDefines.h; sourceTree = "<group>"; };
		3D27800E1D05704D003A62FB /* CommonsDefines.m */ = {isa = PBXFileReference; fileEncoding = 4; lastKnownFileType = sourcecode.c.objc; path = CommonsDefines.m; sourceTree = "<group>"; };
		3D2780101D05746C003A62FB /* Util.h */ = {isa = PBXFileReference; fileEncoding = 4; lastKnownFileType = sourcecode.c.h; path = Util.h; sourceTree = "<group>"; };
		3D2780111D05746C003A62FB /* Util.m */ = {isa = PBXFileReference; fileEncoding = 4; lastKnownFileType = sourcecode.c.objc; path = Util.m; sourceTree = "<group>"; };
		3D2780131D06AB31003A62FB /* Homepage.storyboard */ = {isa = PBXFileReference; fileEncoding = 4; lastKnownFileType = file.storyboard; path = Homepage.storyboard; sourceTree = "<group>"; };
		3D2780151D06AB66003A62FB /* ShoppingCart.storyboard */ = {isa = PBXFileReference; fileEncoding = 4; lastKnownFileType = file.storyboard; path = ShoppingCart.storyboard; sourceTree = "<group>"; };
		3D2780171D06AB75003A62FB /* PersonalCenter.storyboard */ = {isa = PBXFileReference; fileEncoding = 4; lastKnownFileType = file.storyboard; path = PersonalCenter.storyboard; sourceTree = "<group>"; };
		3D2780191D06AB83003A62FB /* Message.storyboard */ = {isa = PBXFileReference; fileEncoding = 4; lastKnownFileType = file.storyboard; path = Message.storyboard; sourceTree = "<group>"; };
		3D27801C1D06AC74003A62FB /* LoginAndRegister.storyboard */ = {isa = PBXFileReference; fileEncoding = 4; lastKnownFileType = file.storyboard; path = LoginAndRegister.storyboard; sourceTree = "<group>"; };
		3D3656171D1CD3CD00273DF3 /* ShoppingCartCell.h */ = {isa = PBXFileReference; fileEncoding = 4; lastKnownFileType = sourcecode.c.h; path = ShoppingCartCell.h; sourceTree = "<group>"; };
		3D3656181D1CD3CD00273DF3 /* ShoppingCartCell.m */ = {isa = PBXFileReference; fileEncoding = 4; lastKnownFileType = sourcecode.c.objc; path = ShoppingCartCell.m; sourceTree = "<group>"; };
		3D36561B1D1CE07B00273DF3 /* CartGoodsModel.h */ = {isa = PBXFileReference; fileEncoding = 4; lastKnownFileType = sourcecode.c.h; path = CartGoodsModel.h; sourceTree = "<group>"; };
		3D36561C1D1CE07B00273DF3 /* CartGoodsModel.m */ = {isa = PBXFileReference; fileEncoding = 4; lastKnownFileType = sourcecode.c.objc; path = CartGoodsModel.m; sourceTree = "<group>"; };
		3D4CDC4A1D0520FC0026C9E8 /* DongDong.app */ = {isa = PBXFileReference; explicitFileType = wrapper.application; includeInIndex = 0; path = DongDong.app; sourceTree = BUILT_PRODUCTS_DIR; };
		3D4CDC4E1D0520FC0026C9E8 /* main.m */ = {isa = PBXFileReference; lastKnownFileType = sourcecode.c.objc; path = main.m; sourceTree = "<group>"; };
		3D4CDC501D0520FC0026C9E8 /* AppDelegate.h */ = {isa = PBXFileReference; lastKnownFileType = sourcecode.c.h; path = AppDelegate.h; sourceTree = "<group>"; };
		3D4CDC511D0520FC0026C9E8 /* AppDelegate.m */ = {isa = PBXFileReference; lastKnownFileType = sourcecode.c.objc; path = AppDelegate.m; sourceTree = "<group>"; };
		3D4CDC591D0520FC0026C9E8 /* Assets.xcassets */ = {isa = PBXFileReference; lastKnownFileType = folder.assetcatalog; path = Assets.xcassets; sourceTree = "<group>"; };
		3D4CDC5C1D0520FC0026C9E8 /* Base */ = {isa = PBXFileReference; lastKnownFileType = file.storyboard; name = Base; path = Base.lproj/LaunchScreen.storyboard; sourceTree = "<group>"; };
		3D4CDC5E1D0520FC0026C9E8 /* Info.plist */ = {isa = PBXFileReference; lastKnownFileType = text.plist.xml; path = Info.plist; sourceTree = "<group>"; };
		3D4CDC691D0522210026C9E8 /* Main.storyboard */ = {isa = PBXFileReference; fileEncoding = 4; lastKnownFileType = file.storyboard; path = Main.storyboard; sourceTree = "<group>"; };
		3DAE933B1D3616B500D27E22 /* OrderModel.h */ = {isa = PBXFileReference; fileEncoding = 4; lastKnownFileType = sourcecode.c.h; path = OrderModel.h; sourceTree = "<group>"; };
		3DAE933C1D3616B500D27E22 /* OrderModel.m */ = {isa = PBXFileReference; fileEncoding = 4; lastKnownFileType = sourcecode.c.objc; path = OrderModel.m; sourceTree = "<group>"; };
		3DAE933E1D36198000D27E22 /* MyOrdersViewController.h */ = {isa = PBXFileReference; fileEncoding = 4; lastKnownFileType = sourcecode.c.h; path = MyOrdersViewController.h; sourceTree = "<group>"; };
		3DAE933F1D36198000D27E22 /* MyOrdersViewController.m */ = {isa = PBXFileReference; fileEncoding = 4; lastKnownFileType = sourcecode.c.objc; path = MyOrdersViewController.m; sourceTree = "<group>"; };
		3DAE93441D36301000D27E22 /* PersonalCenterNavigationController.h */ = {isa = PBXFileReference; fileEncoding = 4; lastKnownFileType = sourcecode.c.h; name = PersonalCenterNavigationController.h; path = ../PersonalCenterNavigationController.h; sourceTree = "<group>"; };
		3DAE93451D36301000D27E22 /* PersonalCenterNavigationController.m */ = {isa = PBXFileReference; fileEncoding = 4; lastKnownFileType = sourcecode.c.objc; name = PersonalCenterNavigationController.m; path = ../PersonalCenterNavigationController.m; sourceTree = "<group>"; };
		3DAE934B1D36388800D27E22 /* OrderGoodsModel.h */ = {isa = PBXFileReference; fileEncoding = 4; lastKnownFileType = sourcecode.c.h; path = OrderGoodsModel.h; sourceTree = "<group>"; };
		3DAE934C1D36388800D27E22 /* OrderGoodsModel.m */ = {isa = PBXFileReference; fileEncoding = 4; lastKnownFileType = sourcecode.c.objc; path = OrderGoodsModel.m; sourceTree = "<group>"; };
		3DAE93511D37604D00D27E22 /* OrderGoodsView.h */ = {isa = PBXFileReference; fileEncoding = 4; lastKnownFileType = sourcecode.c.h; path = OrderGoodsView.h; sourceTree = "<group>"; };
		3DAE93521D37604D00D27E22 /* OrderGoodsView.m */ = {isa = PBXFileReference; fileEncoding = 4; lastKnownFileType = sourcecode.c.objc; path = OrderGoodsView.m; sourceTree = "<group>"; };
		3DAE93541D3760E900D27E22 /* OrderGoodsView.xib */ = {isa = PBXFileReference; fileEncoding = 4; lastKnownFileType = file.xib; path = OrderGoodsView.xib; sourceTree = "<group>"; };
		3DAE93561D376A6100D27E22 /* MyOrderCell.h */ = {isa = PBXFileReference; fileEncoding = 4; lastKnownFileType = sourcecode.c.h; path = MyOrderCell.h; sourceTree = "<group>"; };
		3DAE93571D376A6100D27E22 /* MyOrderCell.m */ = {isa = PBXFileReference; fileEncoding = 4; lastKnownFileType = sourcecode.c.objc; path = MyOrderCell.m; sourceTree = "<group>"; };
		3DB466631D2B956D00D26D2A /* DeliveryAddressTableViewController.h */ = {isa = PBXFileReference; fileEncoding = 4; lastKnownFileType = sourcecode.c.h; path = DeliveryAddressTableViewController.h; sourceTree = "<group>"; };
		3DB466641D2B956D00D26D2A /* DeliveryAddressTableViewController.m */ = {isa = PBXFileReference; fileEncoding = 4; lastKnownFileType = sourcecode.c.objc; path = DeliveryAddressTableViewController.m; sourceTree = "<group>"; };
		3DB466671D2B9C4C00D26D2A /* DeliveryAddressCell.h */ = {isa = PBXFileReference; fileEncoding = 4; lastKnownFileType = sourcecode.c.h; path = DeliveryAddressCell.h; sourceTree = "<group>"; };
		3DB466681D2B9C4C00D26D2A /* DeliveryAddressCell.m */ = {isa = PBXFileReference; fileEncoding = 4; lastKnownFileType = sourcecode.c.objc; path = DeliveryAddressCell.m; sourceTree = "<group>"; };
		3DB466711D2F85B900D26D2A /* AddressModel.h */ = {isa = PBXFileReference; fileEncoding = 4; lastKnownFileType = sourcecode.c.h; path = AddressModel.h; sourceTree = "<group>"; };
		3DB466721D2F85B900D26D2A /* AddressModel.m */ = {isa = PBXFileReference; fileEncoding = 4; lastKnownFileType = sourcecode.c.objc; path = AddressModel.m; sourceTree = "<group>"; };
		3DB466741D2F97F800D26D2A /* AddAddressCommonCell.h */ = {isa = PBXFileReference; fileEncoding = 4; lastKnownFileType = sourcecode.c.h; path = AddAddressCommonCell.h; sourceTree = "<group>"; };
		3DB466751D2F97F800D26D2A /* AddAddressCommonCell.m */ = {isa = PBXFileReference; fileEncoding = 4; lastKnownFileType = sourcecode.c.objc; path = AddAddressCommonCell.m; sourceTree = "<group>"; };
		3DB466771D2F9B2E00D26D2A /* WriteDetailAddressCell.h */ = {isa = PBXFileReference; fileEncoding = 4; lastKnownFileType = sourcecode.c.h; path = WriteDetailAddressCell.h; sourceTree = "<group>"; };
		3DB466781D2F9B2F00D26D2A /* WriteDetailAddressCell.m */ = {isa = PBXFileReference; fileEncoding = 4; lastKnownFileType = sourcecode.c.objc; path = WriteDetailAddressCell.m; sourceTree = "<group>"; };
		3DB4667A1D2F9B4800D26D2A /* SetDefaultAddressCell.h */ = {isa = PBXFileReference; fileEncoding = 4; lastKnownFileType = sourcecode.c.h; path = SetDefaultAddressCell.h; sourceTree = "<group>"; };
		3DB4667B1D2F9B4800D26D2A /* SetDefaultAddressCell.m */ = {isa = PBXFileReference; fileEncoding = 4; lastKnownFileType = sourcecode.c.objc; path = SetDefaultAddressCell.m; sourceTree = "<group>"; };
		3DB4667D1D2F9EF100D26D2A /* AddAddressViewController.h */ = {isa = PBXFileReference; fileEncoding = 4; lastKnownFileType = sourcecode.c.h; path = AddAddressViewController.h; sourceTree = "<group>"; };
		3DB4667E1D2F9EF100D26D2A /* AddAddressViewController.m */ = {isa = PBXFileReference; fileEncoding = 4; lastKnownFileType = sourcecode.c.objc; path = AddAddressViewController.m; sourceTree = "<group>"; };
		3DB466811D33903F00D26D2A /* area.plist */ = {isa = PBXFileReference; fileEncoding = 4; lastKnownFileType = text.plist.xml; path = area.plist; sourceTree = "<group>"; };
		3DB466831D33989600D26D2A /* AreaPicker.xib */ = {isa = PBXFileReference; fileEncoding = 4; lastKnownFileType = file.xib; path = AreaPicker.xib; sourceTree = "<group>"; };
		3DB466851D3398BC00D26D2A /* AreaPickerView.h */ = {isa = PBXFileReference; fileEncoding = 4; lastKnownFileType = sourcecode.c.h; path = AreaPickerView.h; sourceTree = "<group>"; };
		3DB466861D3398BD00D26D2A /* AreaPickerView.m */ = {isa = PBXFileReference; fileEncoding = 4; lastKnownFileType = sourcecode.c.objc; path = AreaPickerView.m; sourceTree = "<group>"; };
		3DB466881D339B5400D26D2A /* AreaObject.h */ = {isa = PBXFileReference; fileEncoding = 4; lastKnownFileType = sourcecode.c.h; path = AreaObject.h; sourceTree = "<group>"; };
		3DB466891D339B5400D26D2A /* AreaObject.m */ = {isa = PBXFileReference; fileEncoding = 4; lastKnownFileType = sourcecode.c.objc; path = AreaObject.m; sourceTree = "<group>"; };
		3DD1F3661D210C5F006246B9 /* PersonalCenterViewController.h */ = {isa = PBXFileReference; fileEncoding = 4; lastKnownFileType = sourcecode.c.h; path = PersonalCenterViewController.h; sourceTree = "<group>"; };
		3DD1F3671D210C5F006246B9 /* PersonalCenterViewController.m */ = {isa = PBXFileReference; fileEncoding = 4; lastKnownFileType = sourcecode.c.objc; path = PersonalCenterViewController.m; sourceTree = "<group>"; };
		3DD1F3691D2366A4006246B9 /* InformationEditTableViewController.h */ = {isa = PBXFileReference; fileEncoding = 4; lastKnownFileType = sourcecode.c.h; path = InformationEditTableViewController.h; sourceTree = "<group>"; };
		3DD1F36A1D2366A4006246B9 /* InformationEditTableViewController.m */ = {isa = PBXFileReference; fileEncoding = 4; lastKnownFileType = sourcecode.c.objc; path = InformationEditTableViewController.m; sourceTree = "<group>"; };
		3DD1F36C1D239CB3006246B9 /* MessageTableViewController.h */ = {isa = PBXFileReference; fileEncoding = 4; lastKnownFileType = sourcecode.c.h; path = MessageTableViewController.h; sourceTree = "<group>"; };
		3DD1F36D1D239CB3006246B9 /* MessageTableViewController.m */ = {isa = PBXFileReference; fileEncoding = 4; lastKnownFileType = sourcecode.c.objc; path = MessageTableViewController.m; sourceTree = "<group>"; };
		3DD1F3701D2A13B6006246B9 /* MessageCell.h */ = {isa = PBXFileReference; fileEncoding = 4; lastKnownFileType = sourcecode.c.h; path = MessageCell.h; sourceTree = "<group>"; };
		3DD1F3711D2A13B7006246B9 /* MessageCell.m */ = {isa = PBXFileReference; fileEncoding = 4; lastKnownFileType = sourcecode.c.objc; path = MessageCell.m; sourceTree = "<group>"; };
		3DD1F3741D2A2925006246B9 /* MessageModel.h */ = {isa = PBXFileReference; fileEncoding = 4; lastKnownFileType = sourcecode.c.h; path = MessageModel.h; sourceTree = "<group>"; };
		3DD1F3751D2A2925006246B9 /* MessageModel.m */ = {isa = PBXFileReference; fileEncoding = 4; lastKnownFileType = sourcecode.c.objc; path = MessageModel.m; sourceTree = "<group>"; };
		3DDDF25A1D10E52F00DA106A /* HomepageViewController.h */ = {isa = PBXFileReference; fileEncoding = 4; lastKnownFileType = sourcecode.c.h; path = HomepageViewController.h; sourceTree = "<group>"; };
		3DDDF25B1D10E52F00DA106A /* HomepageViewController.m */ = {isa = PBXFileReference; fileEncoding = 4; lastKnownFileType = sourcecode.c.objc; path = HomepageViewController.m; sourceTree = "<group>"; };
		3DDDF2911D138B8D00DA106A /* ShoppingCartViewController.h */ = {isa = PBXFileReference; fileEncoding = 4; lastKnownFileType = sourcecode.c.h; path = ShoppingCartViewController.h; sourceTree = "<group>"; };
		3DDDF2921D138B8D00DA106A /* ShoppingCartViewController.m */ = {isa = PBXFileReference; fileEncoding = 4; lastKnownFileType = sourcecode.c.objc; path = ShoppingCartViewController.m; sourceTree = "<group>"; };
		3DDDF2971D17DFBE00DA106A /* GoodsListCell.h */ = {isa = PBXFileReference; fileEncoding = 4; lastKnownFileType = sourcecode.c.h; path = GoodsListCell.h; sourceTree = "<group>"; };
		3DDDF2981D17DFBE00DA106A /* GoodsListCell.m */ = {isa = PBXFileReference; fileEncoding = 4; lastKnownFileType = sourcecode.c.objc; path = GoodsListCell.m; sourceTree = "<group>"; };
		3DDDF29B1D18CE9D00DA106A /* GoodsModel.h */ = {isa = PBXFileReference; fileEncoding = 4; lastKnownFileType = sourcecode.c.h; path = GoodsModel.h; sourceTree = "<group>"; };
		3DDDF29C1D18CE9D00DA106A /* GoodsModel.m */ = {isa = PBXFileReference; fileEncoding = 4; lastKnownFileType = sourcecode.c.objc; path = GoodsModel.m; sourceTree = "<group>"; };
		417245425D8C68BCC36915E2 /* libPods-DongDong.a */ = {isa = PBXFileReference; explicitFileType = archive.ar; includeInIndex = 0; path = "libPods-DongDong.a"; sourceTree = BUILT_PRODUCTS_DIR; };
		7110777DA45275744A469C39 /* Pods-DongDong.debug.xcconfig */ = {isa = PBXFileReference; includeInIndex = 1; lastKnownFileType = text.xcconfig; name = "Pods-DongDong.debug.xcconfig"; path = "Pods/Target Support Files/Pods-DongDong/Pods-DongDong.debug.xcconfig"; sourceTree = "<group>"; };
		B3E95AC64D273AA234B9DE9D /* Pods-DongDong.release.xcconfig */ = {isa = PBXFileReference; includeInIndex = 1; lastKnownFileType = text.xcconfig; name = "Pods-DongDong.release.xcconfig"; path = "Pods/Target Support Files/Pods-DongDong/Pods-DongDong.release.xcconfig"; sourceTree = "<group>"; };
/* End PBXFileReference section */

/* Begin PBXFrameworksBuildPhase section */
		3D4CDC471D0520FC0026C9E8 /* Frameworks */ = {
			isa = PBXFrameworksBuildPhase;
			buildActionMask = 2147483647;
			files = (
				AF88CA7BDA2BC38410B0AEF4 /* libPods-DongDong.a in Frameworks */,
			);
			runOnlyForDeploymentPostprocessing = 0;
		};
/* End PBXFrameworksBuildPhase section */

/* Begin PBXGroup section */
		3D277FE31D052ACA003A62FB /* BaseRequest */ = {
			isa = PBXGroup;
			children = (
				3D277FE81D053FDB003A62FB /* RequestCacher.h */,
				3D277FE91D053FDB003A62FB /* RequestCacher.m */,
				3D277FE51D052B3D003A62FB /* RequestManager.h */,
				3D277FE61D052B3D003A62FB /* RequestManager.m */,
				3D277FEB1D0542C2003A62FB /* BaseRequest.h */,
				3D277FEC1D0542C2003A62FB /* BaseRequest.m */,
			);
			path = BaseRequest;
			sourceTree = "<group>";
		};
		3D277FE41D052AD8003A62FB /* BaseModel */ = {
			isa = PBXGroup;
			children = (
				3D277FEE1D0548C3003A62FB /* BaseModel.h */,
				3D277FEF1D0548C3003A62FB /* BaseModel.m */,
			);
			path = BaseModel;
			sourceTree = "<group>";
		};
		3D277FF11D054D16003A62FB /* XLKit */ = {
			isa = PBXGroup;
			children = (
				3D2780011D054FD9003A62FB /* BlockButton.h */,
				3D2780021D054FD9003A62FB /* BlockButton.m */,
				3D277FF31D054D2E003A62FB /* XLBlockAlertView.h */,
				3D277FF41D054D2E003A62FB /* XLBlockAlertView.m */,
				3D277FF51D054D2E003A62FB /* XLBlockActionSheet.h */,
				3D277FF61D054D2E003A62FB /* XLBlockActionSheet.m */,
			);
			path = XLKit;
			sourceTree = "<group>";
		};
		3D277FF21D054D1D003A62FB /* XLCategories */ = {
			isa = PBXGroup;
			children = (
				3D277FF91D054D45003A62FB /* UIImage+ImageEffects.h */,
				3D277FFA1D054D45003A62FB /* UIImage+ImageEffects.m */,
				3D277FFB1D054D45003A62FB /* UIImage+ResizeMagick.m */,
				3D277FFC1D054D45003A62FB /* UIImage+ResizeMagick.h */,
			);
			path = XLCategories;
			sourceTree = "<group>";
		};
		3D2780091D056F35003A62FB /* Homepage */ = {
			isa = PBXGroup;
			children = (
				3DDDF28D1D12437C00DA106A /* Views */,
				3D2780131D06AB31003A62FB /* Homepage.storyboard */,
				3DDDF25A1D10E52F00DA106A /* HomepageViewController.h */,
				3DDDF25B1D10E52F00DA106A /* HomepageViewController.m */,
			);
			path = Homepage;
			sourceTree = "<group>";
		};
		3D27800A1D056F70003A62FB /* ShoppingCart */ = {
			isa = PBXGroup;
			children = (
				3D3656161D1CD36700273DF3 /* Views */,
				3D2780151D06AB66003A62FB /* ShoppingCart.storyboard */,
				3DDDF2911D138B8D00DA106A /* ShoppingCartViewController.h */,
				3DDDF2921D138B8D00DA106A /* ShoppingCartViewController.m */,
			);
			path = ShoppingCart;
			sourceTree = "<group>";
		};
		3D27800B1D056FA1003A62FB /* PersonalCenter */ = {
			isa = PBXGroup;
			children = (
				3DAE93471D36351B00D27E22 /* NavigationController */,
				3DB466661D2B959100D26D2A /* Views */,
				3D2780171D06AB75003A62FB /* PersonalCenter.storyboard */,
				3DD1F3661D210C5F006246B9 /* PersonalCenterViewController.h */,
				3DD1F3671D210C5F006246B9 /* PersonalCenterViewController.m */,
				3DD1F3691D2366A4006246B9 /* InformationEditTableViewController.h */,
				3DD1F36A1D2366A4006246B9 /* InformationEditTableViewController.m */,
				3DB466631D2B956D00D26D2A /* DeliveryAddressTableViewController.h */,
				3DB466641D2B956D00D26D2A /* DeliveryAddressTableViewController.m */,
				3DB4667D1D2F9EF100D26D2A /* AddAddressViewController.h */,
				3DB4667E1D2F9EF100D26D2A /* AddAddressViewController.m */,
				3DAE933E1D36198000D27E22 /* MyOrdersViewController.h */,
				3DAE933F1D36198000D27E22 /* MyOrdersViewController.m */,
			);
			path = PersonalCenter;
			sourceTree = "<group>";
		};
		3D27800C1D056FC3003A62FB /* Message */ = {
			isa = PBXGroup;
			children = (
				3DD1F36F1D239CF8006246B9 /* Views */,
				3D2780191D06AB83003A62FB /* Message.storyboard */,
				3DD1F36C1D239CB3006246B9 /* MessageTableViewController.h */,
				3DD1F36D1D239CB3006246B9 /* MessageTableViewController.m */,
			);
			path = Message;
			sourceTree = "<group>";
		};
		3D27801B1D06ABF4003A62FB /* LoginAndRegister */ = {
			isa = PBXGroup;
			children = (
				3D27801C1D06AC74003A62FB /* LoginAndRegister.storyboard */,
			);
			path = LoginAndRegister;
			sourceTree = "<group>";
		};
		3D3656161D1CD36700273DF3 /* Views */ = {
			isa = PBXGroup;
			children = (
				3D3656171D1CD3CD00273DF3 /* ShoppingCartCell.h */,
				3D3656181D1CD3CD00273DF3 /* ShoppingCartCell.m */,
			);
			path = Views;
			sourceTree = "<group>";
		};
		3D36561A1D1CE06800273DF3 /* CartGoodsModel */ = {
			isa = PBXGroup;
			children = (
				3D36561B1D1CE07B00273DF3 /* CartGoodsModel.h */,
				3D36561C1D1CE07B00273DF3 /* CartGoodsModel.m */,
			);
			path = CartGoodsModel;
			sourceTree = "<group>";
		};
		3D4CDC411D0520FC0026C9E8 = {
			isa = PBXGroup;
			children = (
				3D4CDC4C1D0520FC0026C9E8 /* DongDong */,
				3D4CDC4B1D0520FC0026C9E8 /* Products */,
				A4DC9161E345B71ABB5FF84B /* Pods */,
				BCECFB5AFBCB061F053809D2 /* Frameworks */,
			);
			sourceTree = "<group>";
		};
		3D4CDC4B1D0520FC0026C9E8 /* Products */ = {
			isa = PBXGroup;
			children = (
				3D4CDC4A1D0520FC0026C9E8 /* DongDong.app */,
			);
			name = Products;
			sourceTree = "<group>";
		};
		3D4CDC4C1D0520FC0026C9E8 /* DongDong */ = {
			isa = PBXGroup;
			children = (
				3DB466621D2B8A9900D26D2A /* ThirdLibs */,
				3D4CDC671D0521840026C9E8 /* Request */,
				3D4CDC661D0521840026C9E8 /* Models */,
				3D4CDC651D0521840026C9E8 /* Features */,
				3D4CDC641D0521840026C9E8 /* Commons */,
				3D4CDC501D0520FC0026C9E8 /* AppDelegate.h */,
				3D4CDC511D0520FC0026C9E8 /* AppDelegate.m */,
				3D4CDC591D0520FC0026C9E8 /* Assets.xcassets */,
				3D4CDC5B1D0520FC0026C9E8 /* LaunchScreen.storyboard */,
				3D4CDC5E1D0520FC0026C9E8 /* Info.plist */,
				3D4CDC4D1D0520FC0026C9E8 /* Supporting Files */,
			);
			path = DongDong;
			sourceTree = "<group>";
		};
		3D4CDC4D1D0520FC0026C9E8 /* Supporting Files */ = {
			isa = PBXGroup;
			children = (
				3D4CDC4E1D0520FC0026C9E8 /* main.m */,
			);
			name = "Supporting Files";
			sourceTree = "<group>";
		};
		3D4CDC641D0521840026C9E8 /* Commons */ = {
			isa = PBXGroup;
			children = (
				3D277FF21D054D1D003A62FB /* XLCategories */,
				3D277FF11D054D16003A62FB /* XLKit */,
				3D27800D1D05704D003A62FB /* CommonsDefines.h */,
				3D27800E1D05704D003A62FB /* CommonsDefines.m */,
				3D2780101D05746C003A62FB /* Util.h */,
				3D2780111D05746C003A62FB /* Util.m */,
			);
			path = Commons;
			sourceTree = "<group>";
		};
		3D4CDC651D0521840026C9E8 /* Features */ = {
			isa = PBXGroup;
			children = (
				3D4CDC681D0521E50026C9E8 /* Main */,
				3D2780091D056F35003A62FB /* Homepage */,
				3D27800A1D056F70003A62FB /* ShoppingCart */,
				3D27800B1D056FA1003A62FB /* PersonalCenter */,
				3D27800C1D056FC3003A62FB /* Message */,
				3D27801B1D06ABF4003A62FB /* LoginAndRegister */,
			);
			path = Features;
			sourceTree = "<group>";
		};
		3D4CDC661D0521840026C9E8 /* Models */ = {
			isa = PBXGroup;
			children = (
				3DAE933A1D36169E00D27E22 /* OrderModel */,
				3DB466701D2F858F00D26D2A /* AddressModel */,
				3DD1F3731D2A2911006246B9 /* MessageModel */,
				3D36561A1D1CE06800273DF3 /* CartGoodsModel */,
				3DDDF29A1D18CE8000DA106A /* GoodsModel */,
				3D277FE41D052AD8003A62FB /* BaseModel */,
			);
			path = Models;
			sourceTree = "<group>";
		};
		3D4CDC671D0521840026C9E8 /* Request */ = {
			isa = PBXGroup;
			children = (
				3D277FE31D052ACA003A62FB /* BaseRequest */,
			);
			path = Request;
			sourceTree = "<group>";
		};
		3D4CDC681D0521E50026C9E8 /* Main */ = {
			isa = PBXGroup;
			children = (
				3D4CDC691D0522210026C9E8 /* Main.storyboard */,
				3D277FE01D052A9C003A62FB /* MainTabBarController.h */,
				3D277FE11D052A9C003A62FB /* MainTabBarController.m */,
			);
			path = Main;
			sourceTree = "<group>";
		};
		3DAE933A1D36169E00D27E22 /* OrderModel */ = {
			isa = PBXGroup;
			children = (
				3DAE933B1D3616B500D27E22 /* OrderModel.h */,
				3DAE933C1D3616B500D27E22 /* OrderModel.m */,
				3DAE934B1D36388800D27E22 /* OrderGoodsModel.h */,
				3DAE934C1D36388800D27E22 /* OrderGoodsModel.m */,
			);
			path = OrderModel;
			sourceTree = "<group>";
		};
		3DAE93471D36351B00D27E22 /* NavigationController */ = {
			isa = PBXGroup;
			children = (
				3DAE93441D36301000D27E22 /* PersonalCenterNavigationController.h */,
				3DAE93451D36301000D27E22 /* PersonalCenterNavigationController.m */,
			);
			path = NavigationController;
			sourceTree = "<group>";
		};
		3DB466621D2B8A9900D26D2A /* ThirdLibs */ = {
			isa = PBXGroup;
			children = (
				3DB466801D338FDE00D26D2A /* AreaPicker */,
			);
			path = ThirdLibs;
			sourceTree = "<group>";
		};
		3DB466661D2B959100D26D2A /* Views */ = {
			isa = PBXGroup;
			children = (
				3DB466671D2B9C4C00D26D2A /* DeliveryAddressCell.h */,
				3DB466681D2B9C4C00D26D2A /* DeliveryAddressCell.m */,
				3DB466741D2F97F800D26D2A /* AddAddressCommonCell.h */,
				3DB466751D2F97F800D26D2A /* AddAddressCommonCell.m */,
				3DB466771D2F9B2E00D26D2A /* WriteDetailAddressCell.h */,
				3DB466781D2F9B2F00D26D2A /* WriteDetailAddressCell.m */,
				3DB4667A1D2F9B4800D26D2A /* SetDefaultAddressCell.h */,
				3DB4667B1D2F9B4800D26D2A /* SetDefaultAddressCell.m */,
				3DAE93561D376A6100D27E22 /* MyOrderCell.h */,
				3DAE93571D376A6100D27E22 /* MyOrderCell.m */,
				3DAE93511D37604D00D27E22 /* OrderGoodsView.h */,
				3DAE93521D37604D00D27E22 /* OrderGoodsView.m */,
				3DAE93541D3760E900D27E22 /* OrderGoodsView.xib */,
			);
			path = Views;
			sourceTree = "<group>";
		};
		3DB466701D2F858F00D26D2A /* AddressModel */ = {
			isa = PBXGroup;
			children = (
				3DB466711D2F85B900D26D2A /* AddressModel.h */,
				3DB466721D2F85B900D26D2A /* AddressModel.m */,
			);
			path = AddressModel;
			sourceTree = "<group>";
		};
		3DB466801D338FDE00D26D2A /* AreaPicker */ = {
			isa = PBXGroup;
			children = (
				3DB466811D33903F00D26D2A /* area.plist */,
				3DB466831D33989600D26D2A /* AreaPicker.xib */,
				3DB466851D3398BC00D26D2A /* AreaPickerView.h */,
				3DB466861D3398BD00D26D2A /* AreaPickerView.m */,
				3DB466881D339B5400D26D2A /* AreaObject.h */,
				3DB466891D339B5400D26D2A /* AreaObject.m */,
			);
			path = AreaPicker;
			sourceTree = "<group>";
		};
		3DD1F36F1D239CF8006246B9 /* Views */ = {
			isa = PBXGroup;
			children = (
				3DD1F3701D2A13B6006246B9 /* MessageCell.h */,
				3DD1F3711D2A13B7006246B9 /* MessageCell.m */,
			);
			path = Views;
			sourceTree = "<group>";
		};
		3DD1F3731D2A2911006246B9 /* MessageModel */ = {
			isa = PBXGroup;
			children = (
				3DD1F3741D2A2925006246B9 /* MessageModel.h */,
				3DD1F3751D2A2925006246B9 /* MessageModel.m */,
			);
			path = MessageModel;
			sourceTree = "<group>";
		};
		3DDDF28D1D12437C00DA106A /* Views */ = {
			isa = PBXGroup;
			children = (
				3DDDF2971D17DFBE00DA106A /* GoodsListCell.h */,
				3DDDF2981D17DFBE00DA106A /* GoodsListCell.m */,
			);
			path = Views;
			sourceTree = "<group>";
		};
		3DDDF29A1D18CE8000DA106A /* GoodsModel */ = {
			isa = PBXGroup;
			children = (
				3DDDF29B1D18CE9D00DA106A /* GoodsModel.h */,
				3DDDF29C1D18CE9D00DA106A /* GoodsModel.m */,
			);
			path = GoodsModel;
			sourceTree = "<group>";
		};
		A4DC9161E345B71ABB5FF84B /* Pods */ = {
			isa = PBXGroup;
			children = (
				7110777DA45275744A469C39 /* Pods-DongDong.debug.xcconfig */,
				B3E95AC64D273AA234B9DE9D /* Pods-DongDong.release.xcconfig */,
			);
			name = Pods;
			sourceTree = "<group>";
		};
		BCECFB5AFBCB061F053809D2 /* Frameworks */ = {
			isa = PBXGroup;
			children = (
				417245425D8C68BCC36915E2 /* libPods-DongDong.a */,
			);
			name = Frameworks;
			sourceTree = "<group>";
		};
/* End PBXGroup section */

/* Begin PBXNativeTarget section */
		3D4CDC491D0520FC0026C9E8 /* DongDong */ = {
			isa = PBXNativeTarget;
			buildConfigurationList = 3D4CDC611D0520FC0026C9E8 /* Build configuration list for PBXNativeTarget "DongDong" */;
			buildPhases = (
				529C7D88899A2E541B99CE01 /* Check Pods Manifest.lock */,
				3D4CDC461D0520FC0026C9E8 /* Sources */,
				3D4CDC471D0520FC0026C9E8 /* Frameworks */,
				3D4CDC481D0520FC0026C9E8 /* Resources */,
				A72C50062E362A93A3BF3D5A /* Embed Pods Frameworks */,
				507AD9B38D2AFD25CF94EDAA /* Copy Pods Resources */,
			);
			buildRules = (
			);
			dependencies = (
			);
			name = DongDong;
			productName = DongDong;
			productReference = 3D4CDC4A1D0520FC0026C9E8 /* DongDong.app */;
			productType = "com.apple.product-type.application";
		};
/* End PBXNativeTarget section */

/* Begin PBXProject section */
		3D4CDC421D0520FC0026C9E8 /* Project object */ = {
			isa = PBXProject;
			attributes = {
				LastUpgradeCheck = 0730;
				ORGANIZATIONNAME = "项小盆友";
				TargetAttributes = {
					3D4CDC491D0520FC0026C9E8 = {
						CreatedOnToolsVersion = 7.3;
					};
				};
			};
			buildConfigurationList = 3D4CDC451D0520FC0026C9E8 /* Build configuration list for PBXProject "DongDong" */;
			compatibilityVersion = "Xcode 3.2";
			developmentRegion = English;
			hasScannedForEncodings = 0;
			knownRegions = (
				en,
				Base,
			);
			mainGroup = 3D4CDC411D0520FC0026C9E8;
			productRefGroup = 3D4CDC4B1D0520FC0026C9E8 /* Products */;
			projectDirPath = "";
			projectRoot = "";
			targets = (
				3D4CDC491D0520FC0026C9E8 /* DongDong */,
			);
		};
/* End PBXProject section */

/* Begin PBXResourcesBuildPhase section */
		3D4CDC481D0520FC0026C9E8 /* Resources */ = {
			isa = PBXResourcesBuildPhase;
			buildActionMask = 2147483647;
			files = (
				3D2780161D06AB66003A62FB /* ShoppingCart.storyboard in Resources */,
				3DAE93551D3760E900D27E22 /* OrderGoodsView.xib in Resources */,
				3D2780141D06AB31003A62FB /* Homepage.storyboard in Resources */,
				3D4CDC6C1D0522210026C9E8 /* Main.storyboard in Resources */,
				3D27801D1D06AC74003A62FB /* LoginAndRegister.storyboard in Resources */,
				3D2780181D06AB75003A62FB /* PersonalCenter.storyboard in Resources */,
				3D4CDC5D1D0520FC0026C9E8 /* LaunchScreen.storyboard in Resources */,
				3DB466841D33989700D26D2A /* AreaPicker.xib in Resources */,
				3D4CDC5A1D0520FC0026C9E8 /* Assets.xcassets in Resources */,
				3D27801A1D06AB83003A62FB /* Message.storyboard in Resources */,
				3DB466821D33903F00D26D2A /* area.plist in Resources */,
			);
			runOnlyForDeploymentPostprocessing = 0;
		};
/* End PBXResourcesBuildPhase section */

/* Begin PBXShellScriptBuildPhase section */
		507AD9B38D2AFD25CF94EDAA /* Copy Pods Resources */ = {
			isa = PBXShellScriptBuildPhase;
			buildActionMask = 2147483647;
			files = (
			);
			inputPaths = (
			);
			name = "Copy Pods Resources";
			outputPaths = (
			);
			runOnlyForDeploymentPostprocessing = 0;
			shellPath = /bin/sh;
			shellScript = "\"${SRCROOT}/Pods/Target Support Files/Pods-DongDong/Pods-DongDong-resources.sh\"\n";
			showEnvVarsInLog = 0;
		};
		529C7D88899A2E541B99CE01 /* Check Pods Manifest.lock */ = {
			isa = PBXShellScriptBuildPhase;
			buildActionMask = 2147483647;
			files = (
			);
			inputPaths = (
			);
			name = "Check Pods Manifest.lock";
			outputPaths = (
			);
			runOnlyForDeploymentPostprocessing = 0;
			shellPath = /bin/sh;
			shellScript = "diff \"${PODS_ROOT}/../Podfile.lock\" \"${PODS_ROOT}/Manifest.lock\" > /dev/null\nif [[ $? != 0 ]] ; then\n    cat << EOM\nerror: The sandbox is not in sync with the Podfile.lock. Run 'pod install' or update your CocoaPods installation.\nEOM\n    exit 1\nfi\n";
			showEnvVarsInLog = 0;
		};
		A72C50062E362A93A3BF3D5A /* Embed Pods Frameworks */ = {
			isa = PBXShellScriptBuildPhase;
			buildActionMask = 2147483647;
			files = (
			);
			inputPaths = (
			);
			name = "Embed Pods Frameworks";
			outputPaths = (
			);
			runOnlyForDeploymentPostprocessing = 0;
			shellPath = /bin/sh;
			shellScript = "\"${SRCROOT}/Pods/Target Support Files/Pods-DongDong/Pods-DongDong-frameworks.sh\"\n";
			showEnvVarsInLog = 0;
		};
/* End PBXShellScriptBuildPhase section */

/* Begin PBXSourcesBuildPhase section */
		3D4CDC461D0520FC0026C9E8 /* Sources */ = {
			isa = PBXSourcesBuildPhase;
			buildActionMask = 2147483647;
			files = (
				3DD1F36B1D2366A4006246B9 /* InformationEditTableViewController.m in Sources */,
				3DDDF2991D17DFBE00DA106A /* GoodsListCell.m in Sources */,
				3D277FEA1D053FDB003A62FB /* RequestCacher.m in Sources */,
				3DB4667F1D2F9EF100D26D2A /* AddAddressViewController.m in Sources */,
				3D4CDC521D0520FC0026C9E8 /* AppDelegate.m in Sources */,
				3DB4668A1D339B5400D26D2A /* AreaObject.m in Sources */,
				3D277FF81D054D2E003A62FB /* XLBlockActionSheet.m in Sources */,
				3D27800F1D05704D003A62FB /* CommonsDefines.m in Sources */,
				3DDDF29D1D18CE9D00DA106A /* GoodsModel.m in Sources */,
				3DB466871D3398BD00D26D2A /* AreaPickerView.m in Sources */,
				3DD1F3681D210C5F006246B9 /* PersonalCenterViewController.m in Sources */,
				3D277FE21D052A9C003A62FB /* MainTabBarController.m in Sources */,
				3DB466761D2F97F800D26D2A /* AddAddressCommonCell.m in Sources */,
				3D2780121D05746C003A62FB /* Util.m in Sources */,
				3D277FF01D0548C3003A62FB /* BaseModel.m in Sources */,
				3D277FFE1D054D45003A62FB /* UIImage+ResizeMagick.m in Sources */,
				3DB466651D2B956D00D26D2A /* DeliveryAddressTableViewController.m in Sources */,
				3DAE933D1D3616B500D27E22 /* OrderModel.m in Sources */,
				3DD1F36E1D239CB3006246B9 /* MessageTableViewController.m in Sources */,
				3D36561D1D1CE07B00273DF3 /* CartGoodsModel.m in Sources */,
				3DDDF2931D138B8D00DA106A /* ShoppingCartViewController.m in Sources */,
				3D4CDC4F1D0520FC0026C9E8 /* main.m in Sources */,
				3D2780031D054FD9003A62FB /* BlockButton.m in Sources */,
				3DB466691D2B9C4C00D26D2A /* DeliveryAddressCell.m in Sources */,
				3D277FFD1D054D45003A62FB /* UIImage+ImageEffects.m in Sources */,
				3DB4667C1D2F9B4800D26D2A /* SetDefaultAddressCell.m in Sources */,
				3DB466791D2F9B2F00D26D2A /* WriteDetailAddressCell.m in Sources */,
				3DAE93401D36198000D27E22 /* MyOrdersViewController.m in Sources */,
				3DB466731D2F85B900D26D2A /* AddressModel.m in Sources */,
				3D277FED1D0542C2003A62FB /* BaseRequest.m in Sources */,
				3DAE93531D37604D00D27E22 /* OrderGoodsView.m in Sources */,
				3DDDF25C1D10E52F00DA106A /* HomepageViewController.m in Sources */,
				3D277FE71D052B3D003A62FB /* RequestManager.m in Sources */,
				3DD1F3721D2A13B7006246B9 /* MessageCell.m in Sources */,
				3DD1F3761D2A2925006246B9 /* MessageModel.m in Sources */,
				3DAE934D1D36388800D27E22 /* OrderGoodsModel.m in Sources */,
				3DAE93461D36301000D27E22 /* PersonalCenterNavigationController.m in Sources */,
				3D277FF71D054D2E003A62FB /* XLBlockAlertView.m in Sources */,
				3DAE93581D376A6100D27E22 /* MyOrderCell.m in Sources */,
				3D3656191D1CD3CD00273DF3 /* ShoppingCartCell.m in Sources */,
			);
			runOnlyForDeploymentPostprocessing = 0;
		};
/* End PBXSourcesBuildPhase section */

/* Begin PBXVariantGroup section */
		3D4CDC5B1D0520FC0026C9E8 /* LaunchScreen.storyboard */ = {
			isa = PBXVariantGroup;
			children = (
				3D4CDC5C1D0520FC0026C9E8 /* Base */,
			);
			name = LaunchScreen.storyboard;
			sourceTree = "<group>";
		};
/* End PBXVariantGroup section */

/* Begin XCBuildConfiguration section */
		3D4CDC5F1D0520FC0026C9E8 /* Debug */ = {
			isa = XCBuildConfiguration;
			buildSettings = {
				ALWAYS_SEARCH_USER_PATHS = NO;
				CLANG_ANALYZER_NONNULL = YES;
				CLANG_CXX_LANGUAGE_STANDARD = "gnu++0x";
				CLANG_CXX_LIBRARY = "libc++";
				CLANG_ENABLE_MODULES = YES;
				CLANG_ENABLE_OBJC_ARC = YES;
				CLANG_WARN_BOOL_CONVERSION = YES;
				CLANG_WARN_CONSTANT_CONVERSION = YES;
				CLANG_WARN_DIRECT_OBJC_ISA_USAGE = YES_ERROR;
				CLANG_WARN_EMPTY_BODY = YES;
				CLANG_WARN_ENUM_CONVERSION = YES;
				CLANG_WARN_INT_CONVERSION = YES;
				CLANG_WARN_OBJC_ROOT_CLASS = YES_ERROR;
				CLANG_WARN_UNREACHABLE_CODE = YES;
				CLANG_WARN__DUPLICATE_METHOD_MATCH = YES;
				"CODE_SIGN_IDENTITY[sdk=iphoneos*]" = "iPhone Developer";
				COPY_PHASE_STRIP = NO;
				DEBUG_INFORMATION_FORMAT = dwarf;
				ENABLE_STRICT_OBJC_MSGSEND = YES;
				ENABLE_TESTABILITY = YES;
				GCC_C_LANGUAGE_STANDARD = gnu99;
				GCC_DYNAMIC_NO_PIC = NO;
				GCC_NO_COMMON_BLOCKS = YES;
				GCC_OPTIMIZATION_LEVEL = 0;
				GCC_PREPROCESSOR_DEFINITIONS = (
					"DEBUG=1",
					"$(inherited)",
				);
				GCC_WARN_64_TO_32_BIT_CONVERSION = YES;
				GCC_WARN_ABOUT_RETURN_TYPE = YES_ERROR;
				GCC_WARN_UNDECLARED_SELECTOR = YES;
				GCC_WARN_UNINITIALIZED_AUTOS = YES_AGGRESSIVE;
				GCC_WARN_UNUSED_FUNCTION = YES;
				GCC_WARN_UNUSED_VARIABLE = YES;
				IPHONEOS_DEPLOYMENT_TARGET = 9.3;
				MTL_ENABLE_DEBUG_INFO = YES;
				ONLY_ACTIVE_ARCH = YES;
				SDKROOT = iphoneos;
				TARGETED_DEVICE_FAMILY = "1,2";
			};
			name = Debug;
		};
		3D4CDC601D0520FC0026C9E8 /* Release */ = {
			isa = XCBuildConfiguration;
			buildSettings = {
				ALWAYS_SEARCH_USER_PATHS = NO;
				CLANG_ANALYZER_NONNULL = YES;
				CLANG_CXX_LANGUAGE_STANDARD = "gnu++0x";
				CLANG_CXX_LIBRARY = "libc++";
				CLANG_ENABLE_MODULES = YES;
				CLANG_ENABLE_OBJC_ARC = YES;
				CLANG_WARN_BOOL_CONVERSION = YES;
				CLANG_WARN_CONSTANT_CONVERSION = YES;
				CLANG_WARN_DIRECT_OBJC_ISA_USAGE = YES_ERROR;
				CLANG_WARN_EMPTY_BODY = YES;
				CLANG_WARN_ENUM_CONVERSION = YES;
				CLANG_WARN_INT_CONVERSION = YES;
				CLANG_WARN_OBJC_ROOT_CLASS = YES_ERROR;
				CLANG_WARN_UNREACHABLE_CODE = YES;
				CLANG_WARN__DUPLICATE_METHOD_MATCH = YES;
				"CODE_SIGN_IDENTITY[sdk=iphoneos*]" = "iPhone Developer";
				COPY_PHASE_STRIP = NO;
				DEBUG_INFORMATION_FORMAT = "dwarf-with-dsym";
				ENABLE_NS_ASSERTIONS = NO;
				ENABLE_STRICT_OBJC_MSGSEND = YES;
				GCC_C_LANGUAGE_STANDARD = gnu99;
				GCC_NO_COMMON_BLOCKS = YES;
				GCC_WARN_64_TO_32_BIT_CONVERSION = YES;
				GCC_WARN_ABOUT_RETURN_TYPE = YES_ERROR;
				GCC_WARN_UNDECLARED_SELECTOR = YES;
				GCC_WARN_UNINITIALIZED_AUTOS = YES_AGGRESSIVE;
				GCC_WARN_UNUSED_FUNCTION = YES;
				GCC_WARN_UNUSED_VARIABLE = YES;
				IPHONEOS_DEPLOYMENT_TARGET = 9.3;
				MTL_ENABLE_DEBUG_INFO = NO;
				SDKROOT = iphoneos;
				TARGETED_DEVICE_FAMILY = "1,2";
				VALIDATE_PRODUCT = YES;
			};
			name = Release;
		};
		3D4CDC621D0520FC0026C9E8 /* Debug */ = {
			isa = XCBuildConfiguration;
			baseConfigurationReference = 7110777DA45275744A469C39 /* Pods-DongDong.debug.xcconfig */;
			buildSettings = {
				ASSETCATALOG_COMPILER_APPICON_NAME = AppIcon;
				GCC_INCREASE_PRECOMPILED_HEADER_SHARING = NO;
				INFOPLIST_FILE = DongDong/Info.plist;
				IPHONEOS_DEPLOYMENT_TARGET = 8.0;
				LD_RUNPATH_SEARCH_PATHS = "$(inherited) @executable_path/Frameworks";
				PRODUCT_BUNDLE_IDENTIFIER = xiang.DongDong;
				PRODUCT_NAME = "$(TARGET_NAME)";
				TARGETED_DEVICE_FAMILY = "1,2";
			};
			name = Debug;
		};
		3D4CDC631D0520FC0026C9E8 /* Release */ = {
			isa = XCBuildConfiguration;
			baseConfigurationReference = B3E95AC64D273AA234B9DE9D /* Pods-DongDong.release.xcconfig */;
			buildSettings = {
				ASSETCATALOG_COMPILER_APPICON_NAME = AppIcon;
				GCC_INCREASE_PRECOMPILED_HEADER_SHARING = NO;
				INFOPLIST_FILE = DongDong/Info.plist;
				IPHONEOS_DEPLOYMENT_TARGET = 8.0;
				LD_RUNPATH_SEARCH_PATHS = "$(inherited) @executable_path/Frameworks";
				PRODUCT_BUNDLE_IDENTIFIER = xiang.DongDong;
				PRODUCT_NAME = "$(TARGET_NAME)";
				TARGETED_DEVICE_FAMILY = "1,2";
			};
			name = Release;
		};
/* End XCBuildConfiguration section */

/* Begin XCConfigurationList section */
		3D4CDC451D0520FC0026C9E8 /* Build configuration list for PBXProject "DongDong" */ = {
			isa = XCConfigurationList;
			buildConfigurations = (
				3D4CDC5F1D0520FC0026C9E8 /* Debug */,
				3D4CDC601D0520FC0026C9E8 /* Release */,
			);
			defaultConfigurationIsVisible = 0;
			defaultConfigurationName = Release;
		};
		3D4CDC611D0520FC0026C9E8 /* Build configuration list for PBXNativeTarget "DongDong" */ = {
			isa = XCConfigurationList;
			buildConfigurations = (
				3D4CDC621D0520FC0026C9E8 /* Debug */,
				3D4CDC631D0520FC0026C9E8 /* Release */,
			);
			defaultConfigurationIsVisible = 0;
			defaultConfigurationName = Release;
		};
/* End XCConfigurationList section */
	};
	rootObject = 3D4CDC421D0520FC0026C9E8 /* Project object */;
}
